
Microsoft Visual Studio Solution File, Format Version 12.00
# Visual Studio Version 17
VisualStudioVersion = 17.14.36705.20 d17.14
MinimumVisualStudioVersion = 10.0.40219.1
Project("{888888A0-9F3D-457C-B088-3A5042F75D52}") = "ViewWindowBottom", "ViewWindowBottom.pyproj", "{F399257C-A68F-4327-A6C8-C10EFA5EE2E4}"
EndProject
Global
	GlobalSection(SolutionConfigurationPlatforms) = preSolution
		Debug|Any CPU = Debug|Any CPU
		Release|Any CPU = Release|Any CPU
	EndGlobalSection
	GlobalSection(ProjectConfigurationPlatforms) = postSolution
		{F399257C-A68F-4327-A6C8-C10EFA5EE2E4}.Debug|Any CPU.ActiveCfg = Debug|Any CPU
		{F399257C-A68F-4327-A6C8-C10EFA5EE2E4}.Release|Any CPU.ActiveCfg = Release|Any CPU
	EndGlobalSection
	GlobalSection(SolutionProperties) = preSolution
		HideSolutionNode = FALSE
	EndGlobalSection
	GlobalSection(ExtensibilityGlobals) = postSolution
		SolutionGuid = {2EAC8E7F-6DA1-48E8-8752-41CD8D04B258}
	EndGlobalSection
EndGlobal
